
Microsoft Visual Studio Solution File, Format Version 11.00
# Visual Studio 2010
Project("{FAE04EC0-301F-11D3-BF4B-00C04F79EFBC}") = "Geldverleih.Repository", "Geldverleih\Geldverleih.Repository.csproj", "{DCE288BA-22C3-4590-8F1E-0134A6760EFF}"
EndProject
Project("{FAE04EC0-301F-11D3-BF4B-00C04F79EFBC}") = "Geldverleih.Domain", "Geldverleih.Domain\Geldverleih.Domain.csproj", "{169EB44A-664C-4300-9FCA-5C6525389F9F}"
EndProject
Global
	GlobalSection(SolutionConfigurationPlatforms) = preSolution
		Debug|Any CPU = Debug|Any CPU
		Release|Any CPU = Release|Any CPU
	EndGlobalSection
	GlobalSection(ProjectConfigurationPlatforms) = postSolution
		{DCE288BA-22C3-4590-8F1E-0134A6760EFF}.Debug|Any CPU.ActiveCfg = Debug|Any CPU
		{DCE288BA-22C3-4590-8F1E-0134A6760EFF}.Debug|Any CPU.Build.0 = Debug|Any CPU
		{DCE288BA-22C3-4590-8F1E-0134A6760EFF}.Release|Any CPU.ActiveCfg = Release|Any CPU
		{DCE288BA-22C3-4590-8F1E-0134A6760EFF}.Release|Any CPU.Build.0 = Release|Any CPU
		{169EB44A-664C-4300-9FCA-5C6525389F9F}.Debug|Any CPU.ActiveCfg = Debug|Any CPU
		{169EB44A-664C-4300-9FCA-5C6525389F9F}.Debug|Any CPU.Build.0 = Debug|Any CPU
		{169EB44A-664C-4300-9FCA-5C6525389F9F}.Release|Any CPU.ActiveCfg = Release|Any CPU
		{169EB44A-664C-4300-9FCA-5C6525389F9F}.Release|Any CPU.Build.0 = Release|Any CPU
	EndGlobalSection
	GlobalSection(SolutionProperties) = preSolution
		HideSolutionNode = FALSE
	EndGlobalSection
EndGlobal
